
Microsoft Visual Studio Solution File, Format Version 12.00
# Visual Studio Version 16
VisualStudioVersion = 16.0.30225.117
MinimumVisualStudioVersion = 15.0.26124.0
Project("{FAE04EC0-301F-11D3-BF4B-00C04F79EFBC}") = "Lands.Android", "Lands\Lands.Android\Lands.Android.csproj", "{81C09DEF-DFBF-470E-B98C-8AA7A4557EC6}"
EndProject
Project("{FAE04EC0-301F-11D3-BF4B-00C04F79EFBC}") = "Lands", "Lands\Lands\Lands.csproj", "{77194180-DE27-44C9-A827-2556ADCC881D}"
EndProject
Global
	GlobalSection(SolutionConfigurationPlatforms) = preSolution
		Debug|Any CPU = Debug|Any CPU
		Release|Any CPU = Release|Any CPU
	EndGlobalSection
	GlobalSection(ProjectConfigurationPlatforms) = postSolution
		{81C09DEF-DFBF-470E-B98C-8AA7A4557EC6}.Debug|Any CPU.ActiveCfg = Debug|Any CPU
		{81C09DEF-DFBF-470E-B98C-8AA7A4557EC6}.Debug|Any CPU.Build.0 = Debug|Any CPU
		{81C09DEF-DFBF-470E-B98C-8AA7A4557EC6}.Debug|Any CPU.Deploy.0 = Debug|Any CPU
		{81C09DEF-DFBF-470E-B98C-8AA7A4557EC6}.Release|Any CPU.ActiveCfg = Release|Any CPU
		{81C09DEF-DFBF-470E-B98C-8AA7A4557EC6}.Release|Any CPU.Build.0 = Release|Any CPU
		{81C09DEF-DFBF-470E-B98C-8AA7A4557EC6}.Release|Any CPU.Deploy.0 = Release|Any CPU
		{77194180-DE27-44C9-A827-2556ADCC881D}.Debug|Any CPU.ActiveCfg = Debug|Any CPU
		{77194180-DE27-44C9-A827-2556ADCC881D}.Debug|Any CPU.Build.0 = Debug|Any CPU
		{77194180-DE27-44C9-A827-2556ADCC881D}.Release|Any CPU.ActiveCfg = Release|Any CPU
		{77194180-DE27-44C9-A827-2556ADCC881D}.Release|Any CPU.Build.0 = Release|Any CPU
	EndGlobalSection
	GlobalSection(SolutionProperties) = preSolution
		HideSolutionNode = FALSE
	EndGlobalSection
	GlobalSection(ExtensibilityGlobals) = postSolution
		SolutionGuid = {2419341C-653A-47F8-9DD5-5DBBCCA37223}
	EndGlobalSection
EndGlobal
